
Microsoft Visual Studio Solution File, Format Version 12.00
# Visual Studio 15
VisualStudioVersion = 15.0.28307.168
MinimumVisualStudioVersion = 10.0.40219.1
Project("{FAE04EC0-301F-11D3-BF4B-00C04F79EFBC}") = "Task 3.1", "Task 3.1\Task 3.1.csproj", "{2A118749-A568-4234-9BA4-7A59087D7932}"
EndProject
Global
	GlobalSection(SolutionConfigurationPlatforms) = preSolution
		Debug|Any CPU = Debug|Any CPU
		Release|Any CPU = Release|Any CPU
	EndGlobalSection
	GlobalSection(ProjectConfigurationPlatforms) = postSolution
		{2A118749-A568-4234-9BA4-7A59087D7932}.Debug|Any CPU.ActiveCfg = Debug|Any CPU
		{2A118749-A568-4234-9BA4-7A59087D7932}.Debug|Any CPU.Build.0 = Debug|Any CPU
		{2A118749-A568-4234-9BA4-7A59087D7932}.Release|Any CPU.ActiveCfg = Release|Any CPU
		{2A118749-A568-4234-9BA4-7A59087D7932}.Release|Any CPU.Build.0 = Release|Any CPU
	EndGlobalSection
	GlobalSection(SolutionProperties) = preSolution
		HideSolutionNode = FALSE
	EndGlobalSection
	GlobalSection(ExtensibilityGlobals) = postSolution
		SolutionGuid = {888539AA-0C60-40EC-8157-0BD4042769FD}
	EndGlobalSection
EndGlobal
